
Microsoft Visual Studio Solution File, Format Version 12.00
# Visual Studio Version 17
VisualStudioVersion = 17.7.34202.233
MinimumVisualStudioVersion = 10.0.40219.1
Project("{FAE04EC0-301F-11D3-BF4B-00C04F79EFBC}") = "DemoFilter", "DemoFilter\DemoFilter.csproj", "{2F6A51FE-3AF2-4DDD-BBB9-56447FD4DFAD}"
EndProject
Global
	GlobalSection(SolutionConfigurationPlatforms) = preSolution
		Debug|Any CPU = Debug|Any CPU
		Release|Any CPU = Release|Any CPU
	EndGlobalSection
	GlobalSection(ProjectConfigurationPlatforms) = postSolution
		{2F6A51FE-3AF2-4DDD-BBB9-56447FD4DFAD}.Debug|Any CPU.ActiveCfg = Debug|Any CPU
		{2F6A51FE-3AF2-4DDD-BBB9-56447FD4DFAD}.Debug|Any CPU.Build.0 = Debug|Any CPU
		{2F6A51FE-3AF2-4DDD-BBB9-56447FD4DFAD}.Release|Any CPU.ActiveCfg = Release|Any CPU
		{2F6A51FE-3AF2-4DDD-BBB9-56447FD4DFAD}.Release|Any CPU.Build.0 = Release|Any CPU
	EndGlobalSection
	GlobalSection(SolutionProperties) = preSolution
		HideSolutionNode = FALSE
	EndGlobalSection
	GlobalSection(ExtensibilityGlobals) = postSolution
		SolutionGuid = {0954E028-268D-4FAD-807A-8B72A5B0794E}
	EndGlobalSection
EndGlobal
